
Microsoft Visual Studio Solution File, Format Version 12.00
# Visual Studio Version 16
VisualStudioVersion = 16.0.31129.286
MinimumVisualStudioVersion = 10.0.40219.1
Project("{9A19103F-16F7-4668-BE54-9A1E7A4F7556}") = "Com.Atomatus.Bootstarter.Log", "Com.Atomatus.Bootstarter.Log\Com.Atomatus.Bootstarter.Log.csproj", "{2204AFD1-1D2A-48AA-B359-2DAB5EB61DEB}"
EndProject
Project("{2150E333-8FDC-42A3-9474-1A3956D46DE8}") = "Solution Items", "Solution Items", "{E18DCE60-F9BF-4247-889C-550535031384}"
	ProjectSection(SolutionItems) = preProject
		..\.github\workflows\nuget-cicd.yml = ..\.github\workflows\nuget-cicd.yml
		..\logo.png = ..\logo.png
		..\privatekey.snk = ..\privatekey.snk
		..\public.snk = ..\public.snk
		..\README.md = ..\README.md
		..\.gitignore = ..\.gitignore
	EndProjectSection
EndProject
Global
	GlobalSection(SolutionConfigurationPlatforms) = preSolution
		Debug|Any CPU = Debug|Any CPU
		Release|Any CPU = Release|Any CPU
	EndGlobalSection
	GlobalSection(ProjectConfigurationPlatforms) = postSolution
		{2204AFD1-1D2A-48AA-B359-2DAB5EB61DEB}.Debug|Any CPU.ActiveCfg = Debug|Any CPU
		{2204AFD1-1D2A-48AA-B359-2DAB5EB61DEB}.Debug|Any CPU.Build.0 = Debug|Any CPU
		{2204AFD1-1D2A-48AA-B359-2DAB5EB61DEB}.Release|Any CPU.ActiveCfg = Release|Any CPU
		{2204AFD1-1D2A-48AA-B359-2DAB5EB61DEB}.Release|Any CPU.Build.0 = Release|Any CPU
	EndGlobalSection
	GlobalSection(SolutionProperties) = preSolution
		HideSolutionNode = FALSE
	EndGlobalSection
	GlobalSection(ExtensibilityGlobals) = postSolution
		SolutionGuid = {4D53B9CF-8017-4FCA-98D5-038623B053C2}
	EndGlobalSection
EndGlobal
